
Microsoft Visual Studio Solution File, Format Version 12.00
# Visual Studio Version 16
VisualStudioVersion = 16.0.28705.295
MinimumVisualStudioVersion = 10.0.40219.1
Project("{8BC9CEB8-8B4A-11D0-8D11-00A0C91BC942}") = "Server", "Server.vcxproj", "{63570876-6626-4489-98B2-FEF4E79FEC0F}"
EndProject
Global
	GlobalSection(SolutionConfigurationPlatforms) = preSolution
		Debug|x64 = Debug|x64
		Debug|x86 = Debug|x86
		Release|x64 = Release|x64
		Release|x86 = Release|x86
	EndGlobalSection
	GlobalSection(ProjectConfigurationPlatforms) = postSolution
		{63570876-6626-4489-98B2-FEF4E79FEC0F}.Debug|x64.ActiveCfg = Debug|x64
		{63570876-6626-4489-98B2-FEF4E79FEC0F}.Debug|x64.Build.0 = Debug|x64
		{63570876-6626-4489-98B2-FEF4E79FEC0F}.Debug|x86.ActiveCfg = Debug|Win32
		{63570876-6626-4489-98B2-FEF4E79FEC0F}.Debug|x86.Build.0 = Debug|Win32
		{63570876-6626-4489-98B2-FEF4E79FEC0F}.Release|x64.ActiveCfg = Release|x64
		{63570876-6626-4489-98B2-FEF4E79FEC0F}.Release|x64.Build.0 = Release|x64
		{63570876-6626-4489-98B2-FEF4E79FEC0F}.Release|x86.ActiveCfg = Release|Win32
		{63570876-6626-4489-98B2-FEF4E79FEC0F}.Release|x86.Build.0 = Release|Win32
	EndGlobalSection
	GlobalSection(SolutionProperties) = preSolution
		HideSolutionNode = FALSE
	EndGlobalSection
	GlobalSection(ExtensibilityGlobals) = postSolution
		SolutionGuid = {FC83192C-EB3E-4428-ACC5-895F10FAB057}
	EndGlobalSection
EndGlobal
