<?xml version="1.0" encoding="utf-8"?>
<Project ToolsVersion="4.0" xmlns="http://schemas.microsoft.com/developer/msbuild/2003">
  <ItemGroup>
    <Filter Include="Source Files">
      <UniqueIdentifier>{4FC737F1-C7A5-4376-A066-2A32D752A2FF}</UniqueIdentifier>
      <Extensions>cpp;c;cc;cxx;def;odl;idl;hpj;bat;asm;asmx</Extensions>
    </Filter>
    <Filter Include="Header Files">
      <UniqueIdentifier>{93995380-89BD-4b04-88EB-625FBE52EBFB}</UniqueIdentifier>
      <Extensions>h;hh;hpp;hxx;hm;inl;inc;ipp;xsd</Extensions>
    </Filter>
    <Filter Include="Resource Files">
      <UniqueIdentifier>{67DA6AB6-F800-4c08-8B7A-83BB121AAD01}</UniqueIdentifier>
      <Extensions>rc;ico;cur;bmp;dlg;rc2;rct;bin;rgs;gif;jpg;jpeg;jpe;resx;tiff;tif;png;wav;mfcribbon-ms</Extensions>
    </Filter>
  </ItemGroup>
  <ItemGroup>
    <ClInclude Include="targetver.h">
      <Filter>Header Files</Filter>
    </ClInclude>
    <ClInclude Include="Client.h">
      <Filter>Header Files</Filter>
    </ClInclude>
    <ClInclude Include="Packet.h">
      <Filter>Header Files</Filter>
    </ClInclude>
    <ClInclude Include="PacketMsg.h">
      <Filter>Header Files</Filter>
    </ClInclude>
    <ClInclude Include="Player.h">
      <Filter>Header Files</Filter>
    </ClInclude>
    <ClInclude Include="Server.h">
      <Filter>Header Files</Filter>
    </ClInclude>
    <ClInclude Include="ServerManager.h">
      <Filter>Header Files</Filter>
    </ClInclude>
    <ClInclude Include="stdafx.h">
      <Filter>Header Files</Filter>
    </ClInclude>
    <ClInclude Include="Out\pch.h">
      <Filter>Header Files</Filter>
    </ClInclude>
    <ClInclude Include="Out\framework.h">
      <Filter>Header Files</Filter>
    </ClInclude>
    <ClInclude Include="Out\ServerHost.h">
      <Filter>Header Files</Filter>
    </ClInclude>
    <ClInclude Include="Out\ServerHostDlg.h">
      <Filter>Header Files</Filter>
    </ClInclude>
    <ClInclude Include="Out\resource.h">
      <Filter>Header Files</Filter>
    </ClInclude>
    <ClInclude Include="LogType.h">
      <Filter>Header Files</Filter>
    </ClInclude>
    <ClInclude Include="resource.h">
      <Filter>Header Files</Filter>
    </ClInclude>
    <ClInclude Include="PacketChunk.h">
      <Filter>Header Files</Filter>
    </ClInclude>
    <ClInclude Include="Out\Chunk.h">
      <Filter>Header Files</Filter>
    </ClInclude>
    <ClInclude Include="M.h">
      <Filter>Header Files</Filter>
    </ClInclude>
    <ClInclude Include="Out\GameManager.h">
      <Filter>Header Files</Filter>
    </ClInclude>
    <ClInclude Include="Out\TileData.h">
      <Filter>Header Files</Filter>
    </ClInclude>
    <ClInclude Include="Out\Vec4f.h">
      <Filter>Header Files</Filter>
    </ClInclude>
    <ClInclude Include="Out\Vec3f.h">
      <Filter>Header Files</Filter>
    </ClInclude>
    <ClInclude Include="Out\Matrix.h">
      <Filter>Header Files</Filter>
    </ClInclude>
    <ClInclude Include="Out\Matrix4f.h">
      <Filter>Header Files</Filter>
    </ClInclude>
    <ClInclude Include="HostChunk.h">
      <Filter>Header Files</Filter>
    </ClInclude>
    <ClInclude Include="HostWorld.h">
      <Filter>Header Files</Filter>
    </ClInclude>
    <ClInclude Include="PacketPlayerPosition.h">
      <Filter>Header Files</Filter>
    </ClInclude>
    <ClInclude Include="PacketTileChange.h">
      <Filter>Header Files</Filter>
    </ClInclude>
  </ItemGroup>
  <ItemGroup>
    <ClCompile Include="Client.cpp">
      <Filter>Source Files</Filter>
    </ClCompile>
    <ClCompile Include="Packet.cpp">
      <Filter>Source Files</Filter>
    </ClCompile>
    <ClCompile Include="PacketMsg.cpp">
      <Filter>Source Files</Filter>
    </ClCompile>
    <ClCompile Include="Player.cpp">
      <Filter>Source Files</Filter>
    </ClCompile>
    <ClCompile Include="Server.cpp">
      <Filter>Source Files</Filter>
    </ClCompile>
    <ClCompile Include="ServerManager.cpp">
      <Filter>Source Files</Filter>
    </ClCompile>
    <ClCompile Include="ServerStart.cpp">
      <Filter>Source Files</Filter>
    </ClCompile>
    <ClCompile Include="Out\Log.cpp">
      <Filter>Source Files</Filter>
    </ClCompile>
    <ClCompile Include="Out\pch.cpp">
      <Filter>Source Files</Filter>
    </ClCompile>
    <ClCompile Include="Out\ServerHost.cpp">
      <Filter>Source Files</Filter>
    </ClCompile>
    <ClCompile Include="Out\ServerHostDlg.cpp">
      <Filter>Source Files</Filter>
    </ClCompile>
    <ClCompile Include="LogType.cpp">
      <Filter>Source Files</Filter>
    </ClCompile>
    <ClCompile Include="PacketChunk.cpp">
      <Filter>Source Files</Filter>
    </ClCompile>
    <ClCompile Include="Out\Chunk.cpp">
      <Filter>Source Files</Filter>
    </ClCompile>
    <ClCompile Include="M.cpp">
      <Filter>Source Files</Filter>
    </ClCompile>
    <ClCompile Include="Out\GameManager.cpp">
      <Filter>Source Files</Filter>
    </ClCompile>
    <ClCompile Include="Out\TileData.cpp">
      <Filter>Source Files</Filter>
    </ClCompile>
    <ClCompile Include="Out\Matrix.cpp">
      <Filter>Source Files</Filter>
    </ClCompile>
    <ClCompile Include="Out\Matrix4f.cpp">
      <Filter>Source Files</Filter>
    </ClCompile>
    <ClCompile Include="Out\Vec3f.cpp">
      <Filter>Source Files</Filter>
    </ClCompile>
    <ClCompile Include="Out\Vec4f.cpp">
      <Filter>Source Files</Filter>
    </ClCompile>
    <ClCompile Include="HostWorld.cpp">
      <Filter>Source Files</Filter>
    </ClCompile>
    <ClCompile Include="PacketPlayerPosition.cpp">
      <Filter>Source Files</Filter>
    </ClCompile>
    <ClCompile Include="PacketTileChange.cpp">
      <Filter>Source Files</Filter>
    </ClCompile>
  </ItemGroup>
  <ItemGroup>
    <ResourceCompile Include="ServerHost.rc">
      <Filter>Resource Files</Filter>
    </ResourceCompile>
  </ItemGroup>
  <ItemGroup>
    <None Include="res\ServerHost.rc2">
      <Filter>Resource Files</Filter>
    </None>
  </ItemGroup>
  <ItemGroup>
    <Image Include="res\ServerHost.ico">
      <Filter>Resource Files</Filter>
    </Image>
  </ItemGroup>
</Project>